// !$*UTF8*$!
{
	archiveVersion = 1;
	classes = {
	};
	objectVersion = 56;
	objects = {

/* Begin PBXBuildFile section */
		B744A5DC2934FF42004605D4 /* HomeCell.swift in Sources */ = {isa = PBXBuildFile; fileRef = B744A5DB2934FF42004605D4 /* HomeCell.swift */; };
		B744A5DE293505BD004605D4 /* HomeCell.xib in Resources */ = {isa = PBXBuildFile; fileRef = B744A5DD293505BD004605D4 /* HomeCell.xib */; };
		B75658782933BDFE00617A27 /* ViewModel.swift in Sources */ = {isa = PBXBuildFile; fileRef = B75658772933BDFE00617A27 /* ViewModel.swift */; };
		B756587B2933BE2100617A27 /* WebService.swift in Sources */ = {isa = PBXBuildFile; fileRef = B756587A2933BE2100617A27 /* WebService.swift */; };
		B77EA44F2933B9AF0091663E /* DetailVC.xib in Resources */ = {isa = PBXBuildFile; fileRef = B77EA44E2933B9AF0091663E /* DetailVC.xib */; };
		B77EA4512933B9B70091663E /* DetailVC.swift in Sources */ = {isa = PBXBuildFile; fileRef = B77EA4502933B9B70091663E /* DetailVC.swift */; };
		B7DA9EF72933B6860091B321 /* AppDelegate.swift in Sources */ = {isa = PBXBuildFile; fileRef = B7DA9EF62933B6860091B321 /* AppDelegate.swift */; };
		B7DA9EF92933B6860091B321 /* SceneDelegate.swift in Sources */ = {isa = PBXBuildFile; fileRef = B7DA9EF82933B6860091B321 /* SceneDelegate.swift */; };
		B7DA9F002933B6870091B321 /* Assets.xcassets in Resources */ = {isa = PBXBuildFile; fileRef = B7DA9EFF2933B6870091B321 /* Assets.xcassets */; };
		B7DA9F032933B6870091B321 /* LaunchScreen.storyboard in Resources */ = {isa = PBXBuildFile; fileRef = B7DA9F012933B6870091B321 /* LaunchScreen.storyboard */; };
		B7DA9F0F2933B7550091B321 /* HomeVC.swift in Sources */ = {isa = PBXBuildFile; fileRef = B7DA9F0E2933B7550091B321 /* HomeVC.swift */; };
		B7DA9F112933B79F0091B321 /* HomeVC.xib in Resources */ = {isa = PBXBuildFile; fileRef = B7DA9F102933B79F0091B321 /* HomeVC.xib */; };
/* End PBXBuildFile section */

/* Begin PBXFileReference section */
		B744A5DB2934FF42004605D4 /* HomeCell.swift */ = {isa = PBXFileReference; lastKnownFileType = sourcecode.swift; path = HomeCell.swift; sourceTree = "<group>"; };
		B744A5DD293505BD004605D4 /* HomeCell.xib */ = {isa = PBXFileReference; lastKnownFileType = file.xib; path = HomeCell.xib; sourceTree = "<group>"; };
		B75658772933BDFE00617A27 /* ViewModel.swift */ = {isa = PBXFileReference; lastKnownFileType = sourcecode.swift; path = ViewModel.swift; sourceTree = "<group>"; };
		B756587A2933BE2100617A27 /* WebService.swift */ = {isa = PBXFileReference; lastKnownFileType = sourcecode.swift; path = WebService.swift; sourceTree = "<group>"; };
		B77EA44E2933B9AF0091663E /* DetailVC.xib */ = {isa = PBXFileReference; lastKnownFileType = file.xib; path = DetailVC.xib; sourceTree = "<group>"; };
		B77EA4502933B9B70091663E /* DetailVC.swift */ = {isa = PBXFileReference; lastKnownFileType = sourcecode.swift; path = DetailVC.swift; sourceTree = "<group>"; };
		B7DA9EF32933B6860091B321 /* MVVMXib.app */ = {isa = PBXFileReference; explicitFileType = wrapper.application; includeInIndex = 0; path = MVVMXib.app; sourceTree = BUILT_PRODUCTS_DIR; };
		B7DA9EF62933B6860091B321 /* AppDelegate.swift */ = {isa = PBXFileReference; lastKnownFileType = sourcecode.swift; path = AppDelegate.swift; sourceTree = "<group>"; };
		B7DA9EF82933B6860091B321 /* SceneDelegate.swift */ = {isa = PBXFileReference; lastKnownFileType = sourcecode.swift; path = SceneDelegate.swift; sourceTree = "<group>"; };
		B7DA9EFF2933B6870091B321 /* Assets.xcassets */ = {isa = PBXFileReference; lastKnownFileType = folder.assetcatalog; path = Assets.xcassets; sourceTree = "<group>"; };
		B7DA9F022933B6870091B321 /* Base */ = {isa = PBXFileReference; lastKnownFileType = file.storyboard; name = Base; path = Base.lproj/LaunchScreen.storyboard; sourceTree = "<group>"; };
		B7DA9F042933B6870091B321 /* Info.plist */ = {isa = PBXFileReference; lastKnownFileType = text.plist.xml; path = Info.plist; sourceTree = "<group>"; };
		B7DA9F0E2933B7550091B321 /* HomeVC.swift */ = {isa = PBXFileReference; lastKnownFileType = sourcecode.swift; path = HomeVC.swift; sourceTree = "<group>"; };
		B7DA9F102933B79F0091B321 /* HomeVC.xib */ = {isa = PBXFileReference; lastKnownFileType = file.xib; path = HomeVC.xib; sourceTree = "<group>"; };
/* End PBXFileReference section */

/* Begin PBXFrameworksBuildPhase section */
		B7DA9EF02933B6860091B321 /* Frameworks */ = {
			isa = PBXFrameworksBuildPhase;
			buildActionMask = 2147483647;
			files = (
			);
			runOnlyForDeploymentPostprocessing = 0;
		};
/* End PBXFrameworksBuildPhase section */

/* Begin PBXGroup section */
		B744A5D82934FF12004605D4 /* Cell */ = {
			isa = PBXGroup;
			children = (
				B744A5DB2934FF42004605D4 /* HomeCell.swift */,
				B744A5DD293505BD004605D4 /* HomeCell.xib */,
			);
			path = Cell;
			sourceTree = "<group>";
		};
		B75658762933BDF200617A27 /* ViewModel */ = {
			isa = PBXGroup;
			children = (
				B75658772933BDFE00617A27 /* ViewModel.swift */,
			);
			path = ViewModel;
			sourceTree = "<group>";
		};
		B75658792933BE1000617A27 /* Network */ = {
			isa = PBXGroup;
			children = (
				B756587A2933BE2100617A27 /* WebService.swift */,
			);
			path = Network;
			sourceTree = "<group>";
		};
		B77EA44D2933B9A00091663E /* Detail */ = {
			isa = PBXGroup;
			children = (
				B75658762933BDF200617A27 /* ViewModel */,
				B77EA44E2933B9AF0091663E /* DetailVC.xib */,
				B77EA4502933B9B70091663E /* DetailVC.swift */,
			);
			path = Detail;
			sourceTree = "<group>";
		};
		B7DA9EEA2933B6860091B321 = {
			isa = PBXGroup;
			children = (
				B7DA9EF52933B6860091B321 /* MVVMXib */,
				B7DA9EF42933B6860091B321 /* Products */,
			);
			sourceTree = "<group>";
		};
		B7DA9EF42933B6860091B321 /* Products */ = {
			isa = PBXGroup;
			children = (
				B7DA9EF32933B6860091B321 /* MVVMXib.app */,
			);
			name = Products;
			sourceTree = "<group>";
		};
		B7DA9EF52933B6860091B321 /* MVVMXib */ = {
			isa = PBXGroup;
			children = (
				B75658792933BE1000617A27 /* Network */,
				B7DA9F0A2933B72D0091B321 /* App */,
				B7DA9F0B2933B7340091B321 /* Asset */,
				B7DA9F0C2933B73C0091B321 /* UI */,
				B7DA9F012933B6870091B321 /* LaunchScreen.storyboard */,
			);
			path = MVVMXib;
			sourceTree = "<group>";
		};
		B7DA9F0A2933B72D0091B321 /* App */ = {
			isa = PBXGroup;
			children = (
				B7DA9EF62933B6860091B321 /* AppDelegate.swift */,
				B7DA9EF82933B6860091B321 /* SceneDelegate.swift */,
				B7DA9F042933B6870091B321 /* Info.plist */,
			);
			path = App;
			sourceTree = "<group>";
		};
		B7DA9F0B2933B7340091B321 /* Asset */ = {
			isa = PBXGroup;
			children = (
				B7DA9EFF2933B6870091B321 /* Assets.xcassets */,
			);
			path = Asset;
			sourceTree = "<group>";
		};
		B7DA9F0C2933B73C0091B321 /* UI */ = {
			isa = PBXGroup;
			children = (
				B77EA44D2933B9A00091663E /* Detail */,
				B7DA9F0D2933B74D0091B321 /* Home */,
			);
			path = UI;
			sourceTree = "<group>";
		};
		B7DA9F0D2933B74D0091B321 /* Home */ = {
			isa = PBXGroup;
			children = (
				B744A5D82934FF12004605D4 /* Cell */,
				B7DA9F0E2933B7550091B321 /* HomeVC.swift */,
				B7DA9F102933B79F0091B321 /* HomeVC.xib */,
			);
			path = Home;
			sourceTree = "<group>";
		};
/* End PBXGroup section */

/* Begin PBXNativeTarget section */
		B7DA9EF22933B6860091B321 /* MVVMXib */ = {
			isa = PBXNativeTarget;
			buildConfigurationList = B7DA9F072933B6870091B321 /* Build configuration list for PBXNativeTarget "MVVMXib" */;
			buildPhases = (
				B7DA9EEF2933B6860091B321 /* Sources */,
				B7DA9EF02933B6860091B321 /* Frameworks */,
				B7DA9EF12933B6860091B321 /* Resources */,
			);
			buildRules = (
			);
			dependencies = (
			);
			name = MVVMXib;
			productName = MVVMXib;
			productReference = B7DA9EF32933B6860091B321 /* MVVMXib.app */;
			productType = "com.apple.product-type.application";
		};
/* End PBXNativeTarget section */

/* Begin PBXProject section */
		B7DA9EEB2933B6860091B321 /* Project object */ = {
			isa = PBXProject;
			attributes = {
				BuildIndependentTargetsInParallel = 1;
				LastSwiftUpdateCheck = 1410;
				LastUpgradeCheck = 1410;
				TargetAttributes = {
					B7DA9EF22933B6860091B321 = {
						CreatedOnToolsVersion = 14.1;
					};
				};
			};
			buildConfigurationList = B7DA9EEE2933B6860091B321 /* Build configuration list for PBXProject "MVVMXib" */;
			compatibilityVersion = "Xcode 14.0";
			developmentRegion = en;
			hasScannedForEncodings = 0;
			knownRegions = (
				en,
				Base,
			);
			mainGroup = B7DA9EEA2933B6860091B321;
			productRefGroup = B7DA9EF42933B6860091B321 /* Products */;
			projectDirPath = "";
			projectRoot = "";
			targets = (
				B7DA9EF22933B6860091B321 /* MVVMXib */,
			);
		};
/* End PBXProject section */

/* Begin PBXResourcesBuildPhase section */
		B7DA9EF12933B6860091B321 /* Resources */ = {
			isa = PBXResourcesBuildPhase;
			buildActionMask = 2147483647;
			files = (
				B7DA9F032933B6870091B321 /* LaunchScreen.storyboard in Resources */,
				B77EA44F2933B9AF0091663E /* DetailVC.xib in Resources */,
				B7DA9F112933B79F0091B321 /* HomeVC.xib in Resources */,
				B7DA9F002933B6870091B321 /* Assets.xcassets in Resources */,
				B744A5DE293505BD004605D4 /* HomeCell.xib in Resources */,
			);
			runOnlyForDeploymentPostprocessing = 0;
		};
/* End PBXResourcesBuildPhase section */

/* Begin PBXSourcesBuildPhase section */
		B7DA9EEF2933B6860091B321 /* Sources */ = {
			isa = PBXSourcesBuildPhase;
			buildActionMask = 2147483647;
			files = (
				B756587B2933BE2100617A27 /* WebService.swift in Sources */,
				B744A5DC2934FF42004605D4 /* HomeCell.swift in Sources */,
				B75658782933BDFE00617A27 /* ViewModel.swift in Sources */,
				B77EA4512933B9B70091663E /* DetailVC.swift in Sources */,
				B7DA9F0F2933B7550091B321 /* HomeVC.swift in Sources */,
				B7DA9EF72933B6860091B321 /* AppDelegate.swift in Sources */,
				B7DA9EF92933B6860091B321 /* SceneDelegate.swift in Sources */,
			);
			runOnlyForDeploymentPostprocessing = 0;
		};
/* End PBXSourcesBuildPhase section */

/* Begin PBXVariantGroup section */
		B7DA9F012933B6870091B321 /* LaunchScreen.storyboard */ = {
			isa = PBXVariantGroup;
			children = (
				B7DA9F022933B6870091B321 /* Base */,
			);
			name = LaunchScreen.storyboard;
			sourceTree = "<group>";
		};
/* End PBXVariantGroup section */

/* Begin XCBuildConfiguration section */
		B7DA9F052933B6870091B321 /* Debug */ = {
			isa = XCBuildConfiguration;
			buildSettings = {
				ALWAYS_SEARCH_USER_PATHS = NO;
				CLANG_ANALYZER_NONNULL = YES;
				CLANG_ANALYZER_NUMBER_OBJECT_CONVERSION = YES_AGGRESSIVE;
				CLANG_CXX_LANGUAGE_STANDARD = "gnu++20";
				CLANG_ENABLE_MODULES = YES;
				CLANG_ENABLE_OBJC_ARC = YES;
				CLANG_ENABLE_OBJC_WEAK = YES;
				CLANG_WARN_BLOCK_CAPTURE_AUTORELEASING = YES;
				CLANG_WARN_BOOL_CONVERSION = YES;
				CLANG_WARN_COMMA = YES;
				CLANG_WARN_CONSTANT_CONVERSION = YES;
				CLANG_WARN_DEPRECATED_OBJC_IMPLEMENTATIONS = YES;
				CLANG_WARN_DIRECT_OBJC_ISA_USAGE = YES_ERROR;
				CLANG_WARN_DOCUMENTATION_COMMENTS = YES;
				CLANG_WARN_EMPTY_BODY = YES;
				CLANG_WARN_ENUM_CONVERSION = YES;
				CLANG_WARN_INFINITE_RECURSION = YES;
				CLANG_WARN_INT_CONVERSION = YES;
				CLANG_WARN_NON_LITERAL_NULL_CONVERSION = YES;
				CLANG_WARN_OBJC_IMPLICIT_RETAIN_SELF = YES;
				CLANG_WARN_OBJC_LITERAL_CONVERSION = YES;
				CLANG_WARN_OBJC_ROOT_CLASS = YES_ERROR;
				CLANG_WARN_QUOTED_INCLUDE_IN_FRAMEWORK_HEADER = YES;
				CLANG_WARN_RANGE_LOOP_ANALYSIS = YES;
				CLANG_WARN_STRICT_PROTOTYPES = YES;
				CLANG_WARN_SUSPICIOUS_MOVE = YES;
				CLANG_WARN_UNGUARDED_AVAILABILITY = YES_AGGRESSIVE;
				CLANG_WARN_UNREACHABLE_CODE = YES;
				CLANG_WARN__DUPLICATE_METHOD_MATCH = YES;
				COPY_PHASE_STRIP = NO;
				DEBUG_INFORMATION_FORMAT = dwarf;
				ENABLE_STRICT_OBJC_MSGSEND = YES;
				ENABLE_TESTABILITY = YES;
				GCC_C_LANGUAGE_STANDARD = gnu11;
				GCC_DYNAMIC_NO_PIC = NO;
				GCC_NO_COMMON_BLOCKS = YES;
				GCC_OPTIMIZATION_LEVEL = 0;
				GCC_PREPROCESSOR_DEFINITIONS = (
					"DEBUG=1",
					"$(inherited)",
				);
				GCC_WARN_64_TO_32_BIT_CONVERSION = YES;
				GCC_WARN_ABOUT_RETURN_TYPE = YES_ERROR;
				GCC_WARN_UNDECLARED_SELECTOR = YES;
				GCC_WARN_UNINITIALIZED_AUTOS = YES_AGGRESSIVE;
				GCC_WARN_UNUSED_FUNCTION = YES;
				GCC_WARN_UNUSED_VARIABLE = YES;
				IPHONEOS_DEPLOYMENT_TARGET = 16.1;
				MTL_ENABLE_DEBUG_INFO = INCLUDE_SOURCE;
				MTL_FAST_MATH = YES;
				ONLY_ACTIVE_ARCH = YES;
				SDKROOT = iphoneos;
				SWIFT_ACTIVE_COMPILATION_CONDITIONS = DEBUG;
				SWIFT_OPTIMIZATION_LEVEL = "-Onone";
			};
			name = Debug;
		};
		B7DA9F062933B6870091B321 /* Release */ = {
			isa = XCBuildConfiguration;
			buildSettings = {
				ALWAYS_SEARCH_USER_PATHS = NO;
				CLANG_ANALYZER_NONNULL = YES;
				CLANG_ANALYZER_NUMBER_OBJECT_CONVERSION = YES_AGGRESSIVE;
				CLANG_CXX_LANGUAGE_STANDARD = "gnu++20";
				CLANG_ENABLE_MODULES = YES;
				CLANG_ENABLE_OBJC_ARC = YES;
				CLANG_ENABLE_OBJC_WEAK = YES;
				CLANG_WARN_BLOCK_CAPTURE_AUTORELEASING = YES;
				CLANG_WARN_BOOL_CONVERSION = YES;
				CLANG_WARN_COMMA = YES;
				CLANG_WARN_CONSTANT_CONVERSION = YES;
				CLANG_WARN_DEPRECATED_OBJC_IMPLEMENTATIONS = YES;
				CLANG_WARN_DIRECT_OBJC_ISA_USAGE = YES_ERROR;
				CLANG_WARN_DOCUMENTATION_COMMENTS = YES;
				CLANG_WARN_EMPTY_BODY = YES;
				CLANG_WARN_ENUM_CONVERSION = YES;
				CLANG_WARN_INFINITE_RECURSION = YES;
				CLANG_WARN_INT_CONVERSION = YES;
				CLANG_WARN_NON_LITERAL_NULL_CONVERSION = YES;
				CLANG_WARN_OBJC_IMPLICIT_RETAIN_SELF = YES;
				CLANG_WARN_OBJC_LITERAL_CONVERSION = YES;
				CLANG_WARN_OBJC_ROOT_CLASS = YES_ERROR;
				CLANG_WARN_QUOTED_INCLUDE_IN_FRAMEWORK_HEADER = YES;
				CLANG_WARN_RANGE_LOOP_ANALYSIS = YES;
				CLANG_WARN_STRICT_PROTOTYPES = YES;
				CLANG_WARN_SUSPICIOUS_MOVE = YES;
				CLANG_WARN_UNGUARDED_AVAILABILITY = YES_AGGRESSIVE;
				CLANG_WARN_UNREACHABLE_CODE = YES;
				CLANG_WARN__DUPLICATE_METHOD_MATCH = YES;
				COPY_PHASE_STRIP = NO;
				DEBUG_INFORMATION_FORMAT = "dwarf-with-dsym";
				ENABLE_NS_ASSERTIONS = NO;
				ENABLE_STRICT_OBJC_MSGSEND = YES;
				GCC_C_LANGUAGE_STANDARD = gnu11;
				GCC_NO_COMMON_BLOCKS = YES;
				GCC_WARN_64_TO_32_BIT_CONVERSION = YES;
				GCC_WARN_ABOUT_RETURN_TYPE = YES_ERROR;
				GCC_WARN_UNDECLARED_SELECTOR = YES;
				GCC_WARN_UNINITIALIZED_AUTOS = YES_AGGRESSIVE;
				GCC_WARN_UNUSED_FUNCTION = YES;
				GCC_WARN_UNUSED_VARIABLE = YES;
				IPHONEOS_DEPLOYMENT_TARGET = 16.1;
				MTL_ENABLE_DEBUG_INFO = NO;
				MTL_FAST_MATH = YES;
				SDKROOT = iphoneos;
				SWIFT_COMPILATION_MODE = wholemodule;
				SWIFT_OPTIMIZATION_LEVEL = "-O";
				VALIDATE_PRODUCT = YES;
			};
			name = Release;
		};
		B7DA9F082933B6870091B321 /* Debug */ = {
			isa = XCBuildConfiguration;
			buildSettings = {
				ASSETCATALOG_COMPILER_APPICON_NAME = AppIcon;
				ASSETCATALOG_COMPILER_GLOBAL_ACCENT_COLOR_NAME = AccentColor;
				CODE_SIGN_STYLE = Automatic;
				CURRENT_PROJECT_VERSION = 1;
				DEVELOPMENT_TEAM = LU8UCW6QPA;
				GENERATE_INFOPLIST_FILE = YES;
				INFOPLIST_FILE = MVVMXib/App/Info.plist;
				INFOPLIST_KEY_UIApplicationSupportsIndirectInputEvents = YES;
				INFOPLIST_KEY_UILaunchStoryboardName = LaunchScreen;
				INFOPLIST_KEY_UIMainStoryboardFile = "";
				INFOPLIST_KEY_UISupportedInterfaceOrientations_iPad = "UIInterfaceOrientationPortrait UIInterfaceOrientationPortraitUpsideDown UIInterfaceOrientationLandscapeLeft UIInterfaceOrientationLandscapeRight";
				INFOPLIST_KEY_UISupportedInterfaceOrientations_iPhone = "UIInterfaceOrientationPortrait UIInterfaceOrientationLandscapeLeft UIInterfaceOrientationLandscapeRight";
				LD_RUNPATH_SEARCH_PATHS = (
					"$(inherited)",
					"@executable_path/Frameworks",
				);
				MARKETING_VERSION = 1.0;
				PRODUCT_BUNDLE_IDENTIFIER = com.hakanadanur.MVVMXib;
				PRODUCT_NAME = "$(TARGET_NAME)";
				SWIFT_EMIT_LOC_STRINGS = YES;
				SWIFT_VERSION = 5.0;
				TARGETED_DEVICE_FAMILY = "1,2";
			};
			name = Debug;
		};
		B7DA9F092933B6870091B321 /* Release */ = {
			isa = XCBuildConfiguration;
			buildSettings = {
				ASSETCATALOG_COMPILER_APPICON_NAME = AppIcon;
				ASSETCATALOG_COMPILER_GLOBAL_ACCENT_COLOR_NAME = AccentColor;
				CODE_SIGN_STYLE = Automatic;
				CURRENT_PROJECT_VERSION = 1;
				DEVELOPMENT_TEAM = LU8UCW6QPA;
				GENERATE_INFOPLIST_FILE = YES;
				INFOPLIST_FILE = MVVMXib/App/Info.plist;
				INFOPLIST_KEY_UIApplicationSupportsIndirectInputEvents = YES;
				INFOPLIST_KEY_UILaunchStoryboardName = LaunchScreen;
				INFOPLIST_KEY_UIMainStoryboardFile = "";
				INFOPLIST_KEY_UISupportedInterfaceOrientations_iPad = "UIInterfaceOrientationPortrait UIInterfaceOrientationPortraitUpsideDown UIInterfaceOrientationLandscapeLeft UIInterfaceOrientationLandscapeRight";
				INFOPLIST_KEY_UISupportedInterfaceOrientations_iPhone = "UIInterfaceOrientationPortrait UIInterfaceOrientationLandscapeLeft UIInterfaceOrientationLandscapeRight";
				LD_RUNPATH_SEARCH_PATHS = (
					"$(inherited)",
					"@executable_path/Frameworks",
				);
				MARKETING_VERSION = 1.0;
				PRODUCT_BUNDLE_IDENTIFIER = com.hakanadanur.MVVMXib;
				PRODUCT_NAME = "$(TARGET_NAME)";
				SWIFT_EMIT_LOC_STRINGS = YES;
				SWIFT_VERSION = 5.0;
				TARGETED_DEVICE_FAMILY = "1,2";
			};
			name = Release;
		};
/* End XCBuildConfiguration section */

/* Begin XCConfigurationList section */
		B7DA9EEE2933B6860091B321 /* Build configuration list for PBXProject "MVVMXib" */ = {
			isa = XCConfigurationList;
			buildConfigurations = (
				B7DA9F052933B6870091B321 /* Debug */,
				B7DA9F062933B6870091B321 /* Release */,
			);
			defaultConfigurationIsVisible = 0;
			defaultConfigurationName = Release;
		};
		B7DA9F072933B6870091B321 /* Build configuration list for PBXNativeTarget "MVVMXib" */ = {
			isa = XCConfigurationList;
			buildConfigurations = (
				B7DA9F082933B6870091B321 /* Debug */,
				B7DA9F092933B6870091B321 /* Release */,
			);
			defaultConfigurationIsVisible = 0;
			defaultConfigurationName = Release;
		};
/* End XCConfigurationList section */
	};
	rootObject = B7DA9EEB2933B6860091B321 /* Project object */;
}
